# THIS IS AN AUTOGENERATED FILE. DO NOT EDIT THIS FILE DIRECTLY.
# yarn lockfile v1


rollup@*:
  version "0.41.5"
  resolved "https://registry.yarnpkg.com/rollup/-/rollup-0.41.5.tgz#cdfaade5cd1c2c7314351566a50ef74df6e66e3d"
  dependencies:
    source-map-support "^0.4.0"

source-map-support@^0.4.0:
  version "0.4.12"
  resolved "https://registry.yarnpkg.com/source-map-support/-/source-map-support-0.4.12.tgz#f47d02bf01efaf0c160d3a37d038401b92b1867e"
  dependencies:
    source-map "^0.5.6"

source-map@^0.5.6:
  version "0.5.6"
  resolved "https://registry.yarnpkg.com/source-map/-/source-map-0.5.6.tgz#75ce38f52bf0733c5a7f0c118d81334a2bb5f412"
